
Microsoft Visual Studio Solution File, Format Version 12.00
# Visual Studio Version 17
VisualStudioVersion = 17.5.33530.505
MinimumVisualStudioVersion = 10.0.40219.1
Project("{2150E333-8FDC-42A3-9474-1A3956D46DE8}") = "Core", "Core", "{A15B9795-38B1-4450-8D7C-9DA6C17B92CC}"
EndProject
Project("{2150E333-8FDC-42A3-9474-1A3956D46DE8}") = "Infrastructure", "Infrastructure", "{DBF11388-0441-410B-BFF3-3C20D3A79606}"
EndProject
Project("{2150E333-8FDC-42A3-9474-1A3956D46DE8}") = "Test", "Test", "{9B2F5C8D-CF79-4107-B539-62202D283F53}"
EndProject
Project("{2150E333-8FDC-42A3-9474-1A3956D46DE8}") = "API", "API", "{29C2A956-171B-4860-9199-4599BB355EC9}"
EndProject
Project("{FAE04EC0-301F-11D3-BF4B-00C04F79EFBC}") = "AngularStore.Api", "AngularStore.Api\AngularStore.Api.csproj", "{E2151835-915E-491A-99F6-B6951E4802E1}"
EndProject
Project("{FAE04EC0-301F-11D3-BF4B-00C04F79EFBC}") = "AngularStore.Application", "AngularStore.Application\AngularStore.Application.csproj", "{54465FDC-F558-497D-9E6B-0D835B32E273}"
EndProject
Project("{FAE04EC0-301F-11D3-BF4B-00C04F79EFBC}") = "AngularStore.Domain", "AngularStore.Domain\AngularStore.Domain.csproj", "{B96A118D-5189-4A86-BD3E-9FBDDB5F6A9C}"
EndProject
Project("{FAE04EC0-301F-11D3-BF4B-00C04F79EFBC}") = "AngularStore.Infrastructure", "AngularStore.Infrastructure\AngularStore.Infrastructure.csproj", "{F1A73C1E-C88C-42B3-980E-F98638A986E2}"
EndProject
Project("{FAE04EC0-301F-11D3-BF4B-00C04F79EFBC}") = "AngularStore.Persistence", "AngularStore.Persistence\AngularStore.Persistence.csproj", "{4D9E3CEC-9E69-4161-BC35-469917D282E0}"
EndProject
Global
	GlobalSection(SolutionConfigurationPlatforms) = preSolution
		Debug|Any CPU = Debug|Any CPU
		Release|Any CPU = Release|Any CPU
	EndGlobalSection
	GlobalSection(ProjectConfigurationPlatforms) = postSolution
		{E2151835-915E-491A-99F6-B6951E4802E1}.Debug|Any CPU.ActiveCfg = Debug|Any CPU
		{E2151835-915E-491A-99F6-B6951E4802E1}.Debug|Any CPU.Build.0 = Debug|Any CPU
		{E2151835-915E-491A-99F6-B6951E4802E1}.Release|Any CPU.ActiveCfg = Release|Any CPU
		{E2151835-915E-491A-99F6-B6951E4802E1}.Release|Any CPU.Build.0 = Release|Any CPU
		{54465FDC-F558-497D-9E6B-0D835B32E273}.Debug|Any CPU.ActiveCfg = Debug|Any CPU
		{54465FDC-F558-497D-9E6B-0D835B32E273}.Debug|Any CPU.Build.0 = Debug|Any CPU
		{54465FDC-F558-497D-9E6B-0D835B32E273}.Release|Any CPU.ActiveCfg = Release|Any CPU
		{54465FDC-F558-497D-9E6B-0D835B32E273}.Release|Any CPU.Build.0 = Release|Any CPU
		{B96A118D-5189-4A86-BD3E-9FBDDB5F6A9C}.Debug|Any CPU.ActiveCfg = Debug|Any CPU
		{B96A118D-5189-4A86-BD3E-9FBDDB5F6A9C}.Debug|Any CPU.Build.0 = Debug|Any CPU
		{B96A118D-5189-4A86-BD3E-9FBDDB5F6A9C}.Release|Any CPU.ActiveCfg = Release|Any CPU
		{B96A118D-5189-4A86-BD3E-9FBDDB5F6A9C}.Release|Any CPU.Build.0 = Release|Any CPU
		{F1A73C1E-C88C-42B3-980E-F98638A986E2}.Debug|Any CPU.ActiveCfg = Debug|Any CPU
		{F1A73C1E-C88C-42B3-980E-F98638A986E2}.Debug|Any CPU.Build.0 = Debug|Any CPU
		{F1A73C1E-C88C-42B3-980E-F98638A986E2}.Release|Any CPU.ActiveCfg = Release|Any CPU
		{F1A73C1E-C88C-42B3-980E-F98638A986E2}.Release|Any CPU.Build.0 = Release|Any CPU
		{4D9E3CEC-9E69-4161-BC35-469917D282E0}.Debug|Any CPU.ActiveCfg = Debug|Any CPU
		{4D9E3CEC-9E69-4161-BC35-469917D282E0}.Debug|Any CPU.Build.0 = Debug|Any CPU
		{4D9E3CEC-9E69-4161-BC35-469917D282E0}.Release|Any CPU.ActiveCfg = Release|Any CPU
		{4D9E3CEC-9E69-4161-BC35-469917D282E0}.Release|Any CPU.Build.0 = Release|Any CPU
	EndGlobalSection
	GlobalSection(SolutionProperties) = preSolution
		HideSolutionNode = FALSE
	EndGlobalSection
	GlobalSection(NestedProjects) = preSolution
		{E2151835-915E-491A-99F6-B6951E4802E1} = {29C2A956-171B-4860-9199-4599BB355EC9}
		{54465FDC-F558-497D-9E6B-0D835B32E273} = {A15B9795-38B1-4450-8D7C-9DA6C17B92CC}
		{B96A118D-5189-4A86-BD3E-9FBDDB5F6A9C} = {A15B9795-38B1-4450-8D7C-9DA6C17B92CC}
		{F1A73C1E-C88C-42B3-980E-F98638A986E2} = {DBF11388-0441-410B-BFF3-3C20D3A79606}
		{4D9E3CEC-9E69-4161-BC35-469917D282E0} = {DBF11388-0441-410B-BFF3-3C20D3A79606}
	EndGlobalSection
	GlobalSection(ExtensibilityGlobals) = postSolution
		SolutionGuid = {60E1234B-7974-4542-97A1-D1A0D1641024}
	EndGlobalSection
EndGlobal
